DEPENDENCIES
  apt (~> 2.3)
  omnibus (= 2.6.8)
  yum-epel (~> 0.3)

GRAPH
  7-zip (1.0.2)
    windows (>= 1.2.2)
  apt (2.9.2)
  build-essential (2.2.4)
  chef-sugar (3.1.1)
  chef_handler (1.2.0)
  homebrew (1.13.0)
    build-essential (>= 2.1.2)
  omnibus (2.6.8)
    7-zip (~> 1.0)
    build-essential (~> 2.0)
    chef-sugar (~> 3.0)
    homebrew (~> 1.9)
    windows (~> 1.30)
    wix (~> 1.1)
  windows (1.38.4)
    chef_handler (>= 0.0.0)
  wix (1.1.0)
    windows (>= 1.2.2)
  yum (3.8.2)
  yum-epel (0.6.5)
    yum (~> 3.2)
